
Microsoft Visual Studio Solution File, Format Version 12.00
# Visual Studio Version 16
VisualStudioVersion = 16.0.30128.74
MinimumVisualStudioVersion = 10.0.40219.1
Project("{FAE04EC0-301F-11D3-BF4B-00C04F79EFBC}") = "forms_ping", "forms_ping\forms_ping.csproj", "{3605C0A7-4744-410D-8250-0CEF88899367}"
EndProject
Global
	GlobalSection(SolutionConfigurationPlatforms) = preSolution
		Debug|Any CPU = Debug|Any CPU
		Release|Any CPU = Release|Any CPU
	EndGlobalSection
	GlobalSection(ProjectConfigurationPlatforms) = postSolution
		{3605C0A7-4744-410D-8250-0CEF88899367}.Debug|Any CPU.ActiveCfg = Debug|Any CPU
		{3605C0A7-4744-410D-8250-0CEF88899367}.Debug|Any CPU.Build.0 = Debug|Any CPU
		{3605C0A7-4744-410D-8250-0CEF88899367}.Release|Any CPU.ActiveCfg = Release|Any CPU
		{3605C0A7-4744-410D-8250-0CEF88899367}.Release|Any CPU.Build.0 = Release|Any CPU
	EndGlobalSection
	GlobalSection(SolutionProperties) = preSolution
		HideSolutionNode = FALSE
	EndGlobalSection
	GlobalSection(ExtensibilityGlobals) = postSolution
		SolutionGuid = {7A7CA675-B7A4-445D-9130-2CB737A2EC0A}
	EndGlobalSection
EndGlobal
